
Microsoft Visual Studio Solution File, Format Version 12.00
# Visual Studio Version 17
VisualStudioVersion = 17.13.35919.96 d17.13
MinimumVisualStudioVersion = 10.0.40219.1
Project("{FAE04EC0-301F-11D3-BF4B-00C04F79EFBC}") = "CorridaDosDados.ConsoleApp", "CorridaDosDados.ConsoleApp\CorridaDosDados.ConsoleApp.csproj", "{DE5C73DB-19D7-4BEB-A3F0-6ABD7D3BF521}"
EndProject
Global
	GlobalSection(SolutionConfigurationPlatforms) = preSolution
		Debug|Any CPU = Debug|Any CPU
		Release|Any CPU = Release|Any CPU
	EndGlobalSection
	GlobalSection(ProjectConfigurationPlatforms) = postSolution
		{DE5C73DB-19D7-4BEB-A3F0-6ABD7D3BF521}.Debug|Any CPU.ActiveCfg = Debug|Any CPU
		{DE5C73DB-19D7-4BEB-A3F0-6ABD7D3BF521}.Debug|Any CPU.Build.0 = Debug|Any CPU
		{DE5C73DB-19D7-4BEB-A3F0-6ABD7D3BF521}.Release|Any CPU.ActiveCfg = Release|Any CPU
		{DE5C73DB-19D7-4BEB-A3F0-6ABD7D3BF521}.Release|Any CPU.Build.0 = Release|Any CPU
	EndGlobalSection
	GlobalSection(SolutionProperties) = preSolution
		HideSolutionNode = FALSE
	EndGlobalSection
	GlobalSection(ExtensibilityGlobals) = postSolution
		SolutionGuid = {CFC52C36-6E14-457E-AC59-2B93165EE4DB}
	EndGlobalSection
EndGlobal
